
Microsoft Visual Studio Solution File, Format Version 12.00
# Visual Studio Version 16
VisualStudioVersion = 16.0.30611.23
MinimumVisualStudioVersion = 10.0.40219.1
Project("{FAE04EC0-301F-11D3-BF4B-00C04F79EFBC}") = "hongjy", "hongjy\hongjy.csproj", "{74706895-4D0B-4E29-9374-348BA90C2264}"
EndProject
Global
	GlobalSection(SolutionConfigurationPlatforms) = preSolution
		Debug|Any CPU = Debug|Any CPU
		Release|Any CPU = Release|Any CPU
	EndGlobalSection
	GlobalSection(ProjectConfigurationPlatforms) = postSolution
		{74706895-4D0B-4E29-9374-348BA90C2264}.Debug|Any CPU.ActiveCfg = Debug|Any CPU
		{74706895-4D0B-4E29-9374-348BA90C2264}.Debug|Any CPU.Build.0 = Debug|Any CPU
		{74706895-4D0B-4E29-9374-348BA90C2264}.Release|Any CPU.ActiveCfg = Release|Any CPU
		{74706895-4D0B-4E29-9374-348BA90C2264}.Release|Any CPU.Build.0 = Release|Any CPU
	EndGlobalSection
	GlobalSection(SolutionProperties) = preSolution
		HideSolutionNode = FALSE
	EndGlobalSection
	GlobalSection(ExtensibilityGlobals) = postSolution
		SolutionGuid = {00196CC6-E8B9-49DB-B6E3-B6D9065409B0}
	EndGlobalSection
EndGlobal
